{
  "version": 4,
  "terraform_version": "1.12.2",
  "serial": 6,
  "lineage": "0c34cbff-a7cf-0a11-df08-e938767dde0a",
  "outputs": {},
  "resources": [
    {
      "mode": "managed",
      "type": "local_file",
      "name": "Test",
      "provider": "provider[\"registry.terraform.io/hashicorp/local\"]",
      "instances": [
        {
          "schema_version": 0,
          "attributes": {
            "content": "This is a Test file created to test Terraform",
            "content_base64": null,
            "content_base64sha256": "aEAugxDfyjSoVQKftkVMosr3Lf2j/s9E1E/YqXi7jTM=",
            "content_base64sha512": "cxEtVY+NlGtCiNc6bhG+hszuGGkzHGbradGrq+LtrntHNdP9//mI9u8Tz1TEGkFYAw6nBXIcHqffSGO0BYeA6w==",
            "content_md5": "e7cd3a860737ae4d80a2404d50dd7b77",
            "content_sha1": "74be884aa9a634b181e9bb545b61f6e574179594",
            "content_sha256": "68402e8310dfca34a855029fb6454ca2caf72dfda3fecf44d44fd8a978bb8d33",
            "content_sha512": "73112d558f8d946b4288d73a6e11be86ccee1869331c66eb69d1ababe2edae7b4735d3fdfff988f6ef13cf54c41a4158030ea705721c1ea7df4863b4058780eb",
            "directory_permission": "0777",
            "file_permission": "0700",
            "filename": "/home/mahender/Git/Terraform/output/Test.txt",
            "id": "74be884aa9a634b181e9bb545b61f6e574179594",
            "sensitive_content": null,
            "source": null
          },
          "sensitive_attributes": [
            [
              {
                "type": "get_attr",
                "value": "sensitive_content"
              }
            ]
          ],
          "identity_schema_version": 0
        }
      ]
    }
  ],
  "check_results": null
}
