{
  "version": 4,
  "terraform_version": "1.12.2",
  "serial": 10,
  "lineage": "0c34cbff-a7cf-0a11-df08-e938767dde0a",
  "outputs": {},
  "resources": [
    {
      "mode": "managed",
      "type": "local_file",
      "name": "text",
      "provider": "provider[\"registry.terraform.io/hashicorp/local\"]",
      "instances": [
        {
          "schema_version": 0,
          "attributes": {
            "content": "First Test Terraform Program",
            "content_base64": null,
            "content_base64sha256": "7nBpSFHucp18lt2KGe4n5ZK63CQGvAI0b2djbVRzLgQ=",
            "content_base64sha512": "c0AkKb8cn1fF33/DLP1DFxLq3OB5uMM0J3j0u9w4jEZMXM5JMHDsBw5XmbtUtXoJuVft6oyq2fOu5ivDVoiWHQ==",
            "content_md5": "6d25165d69974d7201e1303ead5b3c3a",
            "content_sha1": "7d27e9c1cf88a4a01356e7c1cd9095d7260ae05d",
            "content_sha256": "ee70694851ee729d7c96dd8a19ee27e592badc2406bc02346f67636d54732e04",
            "content_sha512": "73402429bf1c9f57c5df7fc32cfd431712eadce079b8c3342778f4bbdc388c464c5cce493070ec070e5799bb54b57a09b957edea8caad9f3aee62bc35688961d",
            "directory_permission": "0777",
            "file_permission": "0777",
            "filename": "~mahender/Git/Terraform/output/Text1",
            "id": "7d27e9c1cf88a4a01356e7c1cd9095d7260ae05d",
            "sensitive_content": null,
            "source": null
          },
          "sensitive_attributes": [
            [
              {
                "type": "get_attr",
                "value": "sensitive_content"
              }
            ]
          ],
          "identity_schema_version": 0
        }
      ]
    }
  ],
  "check_results": null
}
